
Microsoft Visual Studio Solution File, Format Version 12.00
# Visual Studio Version 17
VisualStudioVersion = 17.11.35327.3
MinimumVisualStudioVersion = 10.0.40219.1
Project("{FAE04EC0-301F-11D3-BF4B-00C04F79EFBC}") = "MB.API", "MB\MB.API.csproj", "{69ACC973-ADB1-4408-AFDB-1E43EBA7B985}"
EndProject
Project("{2150E333-8FDC-42A3-9474-1A3956D46DE8}") = "Core", "Core", "{6651583E-3B9C-43FB-AFA8-7E9E284CAEEA}"
EndProject
Project("{2150E333-8FDC-42A3-9474-1A3956D46DE8}") = "Infrastructure", "Infrastructure", "{44389B8E-F11C-48AE-804D-677D4DEBE5AE}"
EndProject
Project("{2150E333-8FDC-42A3-9474-1A3956D46DE8}") = "Presentation", "Presentation", "{0F3E0D52-67FB-472C-8195-EE24A12F6603}"
EndProject
Project("{FAE04EC0-301F-11D3-BF4B-00C04F79EFBC}") = "MB.Persistence.EFCore", "Persistance\MB.Persistence.EFCore.csproj", "{7E2335BE-5223-428D-8A44-327C20C273D2}"
	ProjectSection(ProjectDependencies) = postProject
		{E98A5EC1-C13F-4720-A285-65F43ACDB6BF} = {E98A5EC1-C13F-4720-A285-65F43ACDB6BF}
	EndProjectSection
EndProject
Project("{FAE04EC0-301F-11D3-BF4B-00C04F79EFBC}") = "MB.Domain", "Domain\MB.Domain.csproj", "{E98A5EC1-C13F-4720-A285-65F43ACDB6BF}"
EndProject
Project("{FAE04EC0-301F-11D3-BF4B-00C04F79EFBC}") = "MB.Application", "MB.Application\MB.Application.csproj", "{B738F0E7-1CF9-412A-BF59-32C72F76DA2F}"
EndProject
Project("{FAE04EC0-301F-11D3-BF4B-00C04F79EFBC}") = "MB.Application.Abstractions", "MB.Application.Abstractions\MB.Application.Abstractions.csproj", "{293B3B14-28CE-4C08-8D98-894E830DEFCE}"
EndProject
Project("{FAE04EC0-301F-11D3-BF4B-00C04F79EFBC}") = "MB.Contracts", "MB.Contracts\MB.Contracts.csproj", "{463A9FED-CD2C-47EE-A21C-D5CB2A34E1A1}"
EndProject
Project("{FAE04EC0-301F-11D3-BF4B-00C04F79EFBC}") = "Framework_01", "Framework_01\Framework_01.csproj", "{5CC4E3F8-9DF9-4A1E-A99A-42A111970933}"
EndProject
Project("{FAE04EC0-301F-11D3-BF4B-00C04F79EFBC}") = "MB.Persistence.Core", "MB.Persistence.Core\MB.Persistence.Core.csproj", "{2AC718AD-F52B-46EB-A60C-6B362D1ED447}"
EndProject
Global
	GlobalSection(SolutionConfigurationPlatforms) = preSolution
		Debug|Any CPU = Debug|Any CPU
		Release|Any CPU = Release|Any CPU
	EndGlobalSection
	GlobalSection(ProjectConfigurationPlatforms) = postSolution
		{69ACC973-ADB1-4408-AFDB-1E43EBA7B985}.Debug|Any CPU.ActiveCfg = Debug|Any CPU
		{69ACC973-ADB1-4408-AFDB-1E43EBA7B985}.Debug|Any CPU.Build.0 = Debug|Any CPU
		{69ACC973-ADB1-4408-AFDB-1E43EBA7B985}.Release|Any CPU.ActiveCfg = Release|Any CPU
		{69ACC973-ADB1-4408-AFDB-1E43EBA7B985}.Release|Any CPU.Build.0 = Release|Any CPU
		{7E2335BE-5223-428D-8A44-327C20C273D2}.Debug|Any CPU.ActiveCfg = Debug|Any CPU
		{7E2335BE-5223-428D-8A44-327C20C273D2}.Debug|Any CPU.Build.0 = Debug|Any CPU
		{7E2335BE-5223-428D-8A44-327C20C273D2}.Release|Any CPU.ActiveCfg = Release|Any CPU
		{7E2335BE-5223-428D-8A44-327C20C273D2}.Release|Any CPU.Build.0 = Release|Any CPU
		{E98A5EC1-C13F-4720-A285-65F43ACDB6BF}.Debug|Any CPU.ActiveCfg = Debug|Any CPU
		{E98A5EC1-C13F-4720-A285-65F43ACDB6BF}.Debug|Any CPU.Build.0 = Debug|Any CPU
		{E98A5EC1-C13F-4720-A285-65F43ACDB6BF}.Release|Any CPU.ActiveCfg = Release|Any CPU
		{E98A5EC1-C13F-4720-A285-65F43ACDB6BF}.Release|Any CPU.Build.0 = Release|Any CPU
		{B738F0E7-1CF9-412A-BF59-32C72F76DA2F}.Debug|Any CPU.ActiveCfg = Debug|Any CPU
		{B738F0E7-1CF9-412A-BF59-32C72F76DA2F}.Debug|Any CPU.Build.0 = Debug|Any CPU
		{B738F0E7-1CF9-412A-BF59-32C72F76DA2F}.Release|Any CPU.ActiveCfg = Release|Any CPU
		{B738F0E7-1CF9-412A-BF59-32C72F76DA2F}.Release|Any CPU.Build.0 = Release|Any CPU
		{293B3B14-28CE-4C08-8D98-894E830DEFCE}.Debug|Any CPU.ActiveCfg = Debug|Any CPU
		{293B3B14-28CE-4C08-8D98-894E830DEFCE}.Debug|Any CPU.Build.0 = Debug|Any CPU
		{293B3B14-28CE-4C08-8D98-894E830DEFCE}.Release|Any CPU.ActiveCfg = Release|Any CPU
		{293B3B14-28CE-4C08-8D98-894E830DEFCE}.Release|Any CPU.Build.0 = Release|Any CPU
		{463A9FED-CD2C-47EE-A21C-D5CB2A34E1A1}.Debug|Any CPU.ActiveCfg = Debug|Any CPU
		{463A9FED-CD2C-47EE-A21C-D5CB2A34E1A1}.Debug|Any CPU.Build.0 = Debug|Any CPU
		{463A9FED-CD2C-47EE-A21C-D5CB2A34E1A1}.Release|Any CPU.ActiveCfg = Release|Any CPU
		{463A9FED-CD2C-47EE-A21C-D5CB2A34E1A1}.Release|Any CPU.Build.0 = Release|Any CPU
		{5CC4E3F8-9DF9-4A1E-A99A-42A111970933}.Debug|Any CPU.ActiveCfg = Debug|Any CPU
		{5CC4E3F8-9DF9-4A1E-A99A-42A111970933}.Debug|Any CPU.Build.0 = Debug|Any CPU
		{5CC4E3F8-9DF9-4A1E-A99A-42A111970933}.Release|Any CPU.ActiveCfg = Release|Any CPU
		{5CC4E3F8-9DF9-4A1E-A99A-42A111970933}.Release|Any CPU.Build.0 = Release|Any CPU
		{2AC718AD-F52B-46EB-A60C-6B362D1ED447}.Debug|Any CPU.ActiveCfg = Debug|Any CPU
		{2AC718AD-F52B-46EB-A60C-6B362D1ED447}.Debug|Any CPU.Build.0 = Debug|Any CPU
		{2AC718AD-F52B-46EB-A60C-6B362D1ED447}.Release|Any CPU.ActiveCfg = Release|Any CPU
		{2AC718AD-F52B-46EB-A60C-6B362D1ED447}.Release|Any CPU.Build.0 = Release|Any CPU
	EndGlobalSection
	GlobalSection(SolutionProperties) = preSolution
		HideSolutionNode = FALSE
	EndGlobalSection
	GlobalSection(NestedProjects) = preSolution
		{69ACC973-ADB1-4408-AFDB-1E43EBA7B985} = {0F3E0D52-67FB-472C-8195-EE24A12F6603}
		{7E2335BE-5223-428D-8A44-327C20C273D2} = {44389B8E-F11C-48AE-804D-677D4DEBE5AE}
		{E98A5EC1-C13F-4720-A285-65F43ACDB6BF} = {6651583E-3B9C-43FB-AFA8-7E9E284CAEEA}
		{B738F0E7-1CF9-412A-BF59-32C72F76DA2F} = {6651583E-3B9C-43FB-AFA8-7E9E284CAEEA}
		{293B3B14-28CE-4C08-8D98-894E830DEFCE} = {6651583E-3B9C-43FB-AFA8-7E9E284CAEEA}
		{463A9FED-CD2C-47EE-A21C-D5CB2A34E1A1} = {6651583E-3B9C-43FB-AFA8-7E9E284CAEEA}
		{5CC4E3F8-9DF9-4A1E-A99A-42A111970933} = {6651583E-3B9C-43FB-AFA8-7E9E284CAEEA}
		{2AC718AD-F52B-46EB-A60C-6B362D1ED447} = {44389B8E-F11C-48AE-804D-677D4DEBE5AE}
	EndGlobalSection
	GlobalSection(ExtensibilityGlobals) = postSolution
		SolutionGuid = {9B00B9CC-64CA-4865-99B2-9C6DE2C960A4}
	EndGlobalSection
EndGlobal
